// !$*UTF8*$!
{
	archiveVersion = 1;
	classes = {
	};
	objectVersion = 46;
	objects = {

/* Begin PBXBuildFile section */
		292CFF9218F5CDE00096B786 /* Foundation.framework in Frameworks */ = {isa = PBXBuildFile; fileRef = 292CFF9118F5CDE00096B786 /* Foundation.framework */; };
		292CFF9418F5CDE00096B786 /* CoreGraphics.framework in Frameworks */ = {isa = PBXBuildFile; fileRef = 292CFF9318F5CDE00096B786 /* CoreGraphics.framework */; };
		292CFF9618F5CDE00096B786 /* UIKit.framework in Frameworks */ = {isa = PBXBuildFile; fileRef = 292CFF9518F5CDE00096B786 /* UIKit.framework */; };
		292CFF9E18F5CDE00096B786 /* main.m in Sources */ = {isa = PBXBuildFile; fileRef = 292CFF9D18F5CDE00096B786 /* main.m */; };
		292CFFA218F5CDE00096B786 /* JBAppDelegate.m in Sources */ = {isa = PBXBuildFile; fileRef = 292CFFA118F5CDE00096B786 /* JBAppDelegate.m */; };
		292CFFA418F5CDE00096B786 /* Images.xcassets in Resources */ = {isa = PBXBuildFile; fileRef = 292CFFA318F5CDE00096B786 /* Images.xcassets */; };
		292CFFC218F5CED00096B786 /* JBChildViewController.m in Sources */ = {isa = PBXBuildFile; fileRef = 292CFFC118F5CED00096B786 /* JBChildViewController.m */; };
/* End PBXBuildFile section */

/* Begin PBXFileReference section */
		292CFF8E18F5CDE00096B786 /* Transitions.app */ = {isa = PBXFileReference; explicitFileType = wrapper.application; includeInIndex = 0; path = Transitions.app; sourceTree = BUILT_PRODUCTS_DIR; };
		292CFF9118F5CDE00096B786 /* Foundation.framework */ = {isa = PBXFileReference; lastKnownFileType = wrapper.framework; name = Foundation.framework; path = System/Library/Frameworks/Foundation.framework; sourceTree = SDKROOT; };
		292CFF9318F5CDE00096B786 /* CoreGraphics.framework */ = {isa = PBXFileReference; lastKnownFileType = wrapper.framework; name = CoreGraphics.framework; path = System/Library/Frameworks/CoreGraphics.framework; sourceTree = SDKROOT; };
		292CFF9518F5CDE00096B786 /* UIKit.framework */ = {isa = PBXFileReference; lastKnownFileType = wrapper.framework; name = UIKit.framework; path = System/Library/Frameworks/UIKit.framework; sourceTree = SDKROOT; };
		292CFF9918F5CDE00096B786 /* Transitions-Info.plist */ = {isa = PBXFileReference; lastKnownFileType = text.plist.xml; path = "Transitions-Info.plist"; sourceTree = "<group>"; };
		292CFF9D18F5CDE00096B786 /* main.m */ = {isa = PBXFileReference; lastKnownFileType = sourcecode.c.objc; path = main.m; sourceTree = "<group>"; };
		292CFF9F18F5CDE00096B786 /* Transitions-Prefix.pch */ = {isa = PBXFileReference; lastKnownFileType = sourcecode.c.h; path = "Transitions-Prefix.pch"; sourceTree = "<group>"; };
		292CFFA018F5CDE00096B786 /* JBAppDelegate.h */ = {isa = PBXFileReference; lastKnownFileType = sourcecode.c.h; path = JBAppDelegate.h; sourceTree = "<group>"; };
		292CFFA118F5CDE00096B786 /* JBAppDelegate.m */ = {isa = PBXFileReference; lastKnownFileType = sourcecode.c.objc; path = JBAppDelegate.m; sourceTree = "<group>"; };
		292CFFA318F5CDE00096B786 /* Images.xcassets */ = {isa = PBXFileReference; lastKnownFileType = folder.assetcatalog; path = Images.xcassets; sourceTree = "<group>"; };
		292CFFAA18F5CDE00096B786 /* XCTest.framework */ = {isa = PBXFileReference; lastKnownFileType = wrapper.framework; name = XCTest.framework; path = Library/Frameworks/XCTest.framework; sourceTree = DEVELOPER_DIR; };
		292CFFC018F5CED00096B786 /* JBChildViewController.h */ = {isa = PBXFileReference; fileEncoding = 4; lastKnownFileType = sourcecode.c.h; path = JBChildViewController.h; sourceTree = "<group>"; };
		292CFFC118F5CED00096B786 /* JBChildViewController.m */ = {isa = PBXFileReference; fileEncoding = 4; lastKnownFileType = sourcecode.c.objc; path = JBChildViewController.m; sourceTree = "<group>"; };
/* End PBXFileReference section */

/* Begin PBXFrameworksBuildPhase section */
		292CFF8B18F5CDE00096B786 /* Frameworks */ = {
			isa = PBXFrameworksBuildPhase;
			buildActionMask = 2147483647;
			files = (
				292CFF9418F5CDE00096B786 /* CoreGraphics.framework in Frameworks */,
				292CFF9618F5CDE00096B786 /* UIKit.framework in Frameworks */,
				292CFF9218F5CDE00096B786 /* Foundation.framework in Frameworks */,
			);
			runOnlyForDeploymentPostprocessing = 0;
		};
/* End PBXFrameworksBuildPhase section */

/* Begin PBXGroup section */
		292CFF8518F5CDE00096B786 = {
			isa = PBXGroup;
			children = (
				292CFF9718F5CDE00096B786 /* Transitions */,
				292CFF9018F5CDE00096B786 /* Frameworks */,
				292CFF8F18F5CDE00096B786 /* Products */,
			);
			sourceTree = "<group>";
		};
		292CFF8F18F5CDE00096B786 /* Products */ = {
			isa = PBXGroup;
			children = (
				292CFF8E18F5CDE00096B786 /* Transitions.app */,
			);
			name = Products;
			sourceTree = "<group>";
		};
		292CFF9018F5CDE00096B786 /* Frameworks */ = {
			isa = PBXGroup;
			children = (
				292CFF9118F5CDE00096B786 /* Foundation.framework */,
				292CFF9318F5CDE00096B786 /* CoreGraphics.framework */,
				292CFF9518F5CDE00096B786 /* UIKit.framework */,
				292CFFAA18F5CDE00096B786 /* XCTest.framework */,
			);
			name = Frameworks;
			sourceTree = "<group>";
		};
		292CFF9718F5CDE00096B786 /* Transitions */ = {
			isa = PBXGroup;
			children = (
				292CFFA018F5CDE00096B786 /* JBAppDelegate.h */,
				292CFFA118F5CDE00096B786 /* JBAppDelegate.m */,
				292CFFC018F5CED00096B786 /* JBChildViewController.h */,
				292CFFC118F5CED00096B786 /* JBChildViewController.m */,
				292CFFA318F5CDE00096B786 /* Images.xcassets */,
				292CFF9818F5CDE00096B786 /* Supporting Files */,
			);
			path = Transitions;
			sourceTree = "<group>";
		};
		292CFF9818F5CDE00096B786 /* Supporting Files */ = {
			isa = PBXGroup;
			children = (
				292CFF9918F5CDE00096B786 /* Transitions-Info.plist */,
				292CFF9D18F5CDE00096B786 /* main.m */,
				292CFF9F18F5CDE00096B786 /* Transitions-Prefix.pch */,
			);
			name = "Supporting Files";
			sourceTree = "<group>";
		};
/* End PBXGroup section */

/* Begin PBXNativeTarget section */
		292CFF8D18F5CDE00096B786 /* Transitions */ = {
			isa = PBXNativeTarget;
			buildConfigurationList = 292CFFBA18F5CDE00096B786 /* Build configuration list for PBXNativeTarget "Transitions" */;
			buildPhases = (
				292CFF8A18F5CDE00096B786 /* Sources */,
				292CFF8B18F5CDE00096B786 /* Frameworks */,
				292CFF8C18F5CDE00096B786 /* Resources */,
			);
			buildRules = (
			);
			dependencies = (
			);
			name = Transitions;
			productName = Transitions;
			productReference = 292CFF8E18F5CDE00096B786 /* Transitions.app */;
			productType = "com.apple.product-type.application";
		};
/* End PBXNativeTarget section */

/* Begin PBXProject section */
		292CFF8618F5CDE00096B786 /* Project object */ = {
			isa = PBXProject;
			attributes = {
				CLASSPREFIX = JB;
				LastUpgradeCheck = 0510;
				ORGANIZATIONNAME = "Joachim Bondo";
			};
			buildConfigurationList = 292CFF8918F5CDE00096B786 /* Build configuration list for PBXProject "Transitions" */;
			compatibilityVersion = "Xcode 3.2";
			developmentRegion = English;
			hasScannedForEncodings = 0;
			knownRegions = (
				en,
			);
			mainGroup = 292CFF8518F5CDE00096B786;
			productRefGroup = 292CFF8F18F5CDE00096B786 /* Products */;
			projectDirPath = "";
			projectRoot = "";
			targets = (
				292CFF8D18F5CDE00096B786 /* Transitions */,
			);
		};
/* End PBXProject section */

/* Begin PBXResourcesBuildPhase section */
		292CFF8C18F5CDE00096B786 /* Resources */ = {
			isa = PBXResourcesBuildPhase;
			buildActionMask = 2147483647;
			files = (
				292CFFA418F5CDE00096B786 /* Images.xcassets in Resources */,
			);
			runOnlyForDeploymentPostprocessing = 0;
		};
/* End PBXResourcesBuildPhase section */

/* Begin PBXSourcesBuildPhase section */
		292CFF8A18F5CDE00096B786 /* Sources */ = {
			isa = PBXSourcesBuildPhase;
			buildActionMask = 2147483647;
			files = (
				292CFFA218F5CDE00096B786 /* JBAppDelegate.m in Sources */,
				292CFFC218F5CED00096B786 /* JBChildViewController.m in Sources */,
				292CFF9E18F5CDE00096B786 /* main.m in Sources */,
			);
			runOnlyForDeploymentPostprocessing = 0;
		};
/* End PBXSourcesBuildPhase section */

/* Begin XCBuildConfiguration section */
		292CFFB818F5CDE00096B786 /* Debug */ = {
			isa = XCBuildConfiguration;
			buildSettings = {
				ALWAYS_SEARCH_USER_PATHS = NO;
				CLANG_CXX_LANGUAGE_STANDARD = "gnu++0x";
				CLANG_CXX_LIBRARY = "libc++";
				CLANG_ENABLE_MODULES = YES;
				CLANG_ENABLE_OBJC_ARC = YES;
				CLANG_WARN_BOOL_CONVERSION = YES;
				CLANG_WARN_CONSTANT_CONVERSION = YES;
				CLANG_WARN_DIRECT_OBJC_ISA_USAGE = YES_ERROR;
				CLANG_WARN_EMPTY_BODY = YES;
				CLANG_WARN_ENUM_CONVERSION = YES;
				CLANG_WARN_INT_CONVERSION = YES;
				CLANG_WARN_OBJC_ROOT_CLASS = YES_ERROR;
				CLANG_WARN__DUPLICATE_METHOD_MATCH = YES;
				"CODE_SIGN_IDENTITY[sdk=iphoneos*]" = "iPhone Developer";
				COPY_PHASE_STRIP = NO;
				GCC_C_LANGUAGE_STANDARD = gnu99;
				GCC_DYNAMIC_NO_PIC = NO;
				GCC_OPTIMIZATION_LEVEL = 0;
				GCC_PREPROCESSOR_DEFINITIONS = (
					"DEBUG=1",
					"$(inherited)",
				);
				GCC_SYMBOLS_PRIVATE_EXTERN = NO;
				GCC_WARN_64_TO_32_BIT_CONVERSION = YES;
				GCC_WARN_ABOUT_RETURN_TYPE = YES_ERROR;
				GCC_WARN_UNDECLARED_SELECTOR = YES;
				GCC_WARN_UNINITIALIZED_AUTOS = YES_AGGRESSIVE;
				GCC_WARN_UNUSED_FUNCTION = YES;
				GCC_WARN_UNUSED_VARIABLE = YES;
				IPHONEOS_DEPLOYMENT_TARGET = 7.1;
				ONLY_ACTIVE_ARCH = YES;
				SDKROOT = iphoneos;
			};
			name = Debug;
		};
		292CFFB918F5CDE00096B786 /* Release */ = {
			isa = XCBuildConfiguration;
			buildSettings = {
				ALWAYS_SEARCH_USER_PATHS = NO;
				CLANG_CXX_LANGUAGE_STANDARD = "gnu++0x";
				CLANG_CXX_LIBRARY = "libc++";
				CLANG_ENABLE_MODULES = YES;
				CLANG_ENABLE_OBJC_ARC = YES;
				CLANG_WARN_BOOL_CONVERSION = YES;
				CLANG_WARN_CONSTANT_CONVERSION = YES;
				CLANG_WARN_DIRECT_OBJC_ISA_USAGE = YES_ERROR;
				CLANG_WARN_EMPTY_BODY = YES;
				CLANG_WARN_ENUM_CONVERSION = YES;
				CLANG_WARN_INT_CONVERSION = YES;
				CLANG_WARN_OBJC_ROOT_CLASS = YES_ERROR;
				CLANG_WARN__DUPLICATE_METHOD_MATCH = YES;
				"CODE_SIGN_IDENTITY[sdk=iphoneos*]" = "iPhone Developer";
				COPY_PHASE_STRIP = YES;
				ENABLE_NS_ASSERTIONS = NO;
				GCC_C_LANGUAGE_STANDARD = gnu99;
				GCC_WARN_64_TO_32_BIT_CONVERSION = YES;
				GCC_WARN_ABOUT_RETURN_TYPE = YES_ERROR;
				GCC_WARN_UNDECLARED_SELECTOR = YES;
				GCC_WARN_UNINITIALIZED_AUTOS = YES_AGGRESSIVE;
				GCC_WARN_UNUSED_FUNCTION = YES;
				GCC_WARN_UNUSED_VARIABLE = YES;
				IPHONEOS_DEPLOYMENT_TARGET = 7.1;
				SDKROOT = iphoneos;
				VALIDATE_PRODUCT = YES;
			};
			name = Release;
		};
		292CFFBB18F5CDE00096B786 /* Debug */ = {
			isa = XCBuildConfiguration;
			buildSettings = {
				ASSETCATALOG_COMPILER_APPICON_NAME = AppIcon;
				ASSETCATALOG_COMPILER_LAUNCHIMAGE_NAME = LaunchImage;
				GCC_PRECOMPILE_PREFIX_HEADER = YES;
				GCC_PREFIX_HEADER = "Transitions/Transitions-Prefix.pch";
				INFOPLIST_FILE = "Transitions/Transitions-Info.plist";
				PRODUCT_NAME = "$(TARGET_NAME)";
				WRAPPER_EXTENSION = app;
			};
			name = Debug;
		};
		292CFFBC18F5CDE00096B786 /* Release */ = {
			isa = XCBuildConfiguration;
			buildSettings = {
				ASSETCATALOG_COMPILER_APPICON_NAME = AppIcon;
				ASSETCATALOG_COMPILER_LAUNCHIMAGE_NAME = LaunchImage;
				GCC_PRECOMPILE_PREFIX_HEADER = YES;
				GCC_PREFIX_HEADER = "Transitions/Transitions-Prefix.pch";
				INFOPLIST_FILE = "Transitions/Transitions-Info.plist";
				PRODUCT_NAME = "$(TARGET_NAME)";
				WRAPPER_EXTENSION = app;
			};
			name = Release;
		};
/* End XCBuildConfiguration section */

/* Begin XCConfigurationList section */
		292CFF8918F5CDE00096B786 /* Build configuration list for PBXProject "Transitions" */ = {
			isa = XCConfigurationList;
			buildConfigurations = (
				292CFFB818F5CDE00096B786 /* Debug */,
				292CFFB918F5CDE00096B786 /* Release */,
			);
			defaultConfigurationIsVisible = 0;
			defaultConfigurationName = Release;
		};
		292CFFBA18F5CDE00096B786 /* Build configuration list for PBXNativeTarget "Transitions" */ = {
			isa = XCConfigurationList;
			buildConfigurations = (
				292CFFBB18F5CDE00096B786 /* Debug */,
				292CFFBC18F5CDE00096B786 /* Release */,
			);
			defaultConfigurationIsVisible = 0;
			defaultConfigurationName = Release;
		};
/* End XCConfigurationList section */
	};
	rootObject = 292CFF8618F5CDE00096B786 /* Project object */;
}
